// !$*UTF8*$!
{
	archiveVersion = 1;
	classes = {
	};
	objectVersion = 46;
	objects = {

/* Begin PBXBuildFile section */
		6D0AC0BD1AFD699200667188 /* SingleProjectViewController.m in Sources */ = {isa = PBXBuildFile; fileRef = 6D0AC0BC1AFD699200667188 /* SingleProjectViewController.m */; };
		6D0E2D5B1AD1D01700E24046 /* Green Header.png in Resources */ = {isa = PBXBuildFile; fileRef = 6D0E2D5A1AD1D01700E24046 /* Green Header.png */; };
		6D0E2D5E1AD1D82000E24046 /* index logo.png in Resources */ = {isa = PBXBuildFile; fileRef = 6D0E2D5D1AD1D82000E24046 /* index logo.png */; };
		6D0E2D651AD1DB0700E24046 /* WelcomeViewController.m in Sources */ = {isa = PBXBuildFile; fileRef = 6D0E2D641AD1DB0700E24046 /* WelcomeViewController.m */; };
		6D0E2D681AD31AFC00E24046 /* Default.jpg in Resources */ = {isa = PBXBuildFile; fileRef = 6D0E2D671AD31AFC00E24046 /* Default.jpg */; };
		6D0E2D6F1AD3232F00E24046 /* ChoosePhotoViewController.m in Sources */ = {isa = PBXBuildFile; fileRef = 6D0E2D6E1AD3232F00E24046 /* ChoosePhotoViewController.m */; };
		6D144A4D1B1C3FF10044E84D /* UserData.m in Sources */ = {isa = PBXBuildFile; fileRef = 6D144A4C1B1C3FF10044E84D /* UserData.m */; };
		6D14528B1AD98CBE004EBE50 /* graySection.png in Resources */ = {isa = PBXBuildFile; fileRef = 6D14528A1AD98CBE004EBE50 /* graySection.png */; };
		6D14528D1AD9E6D9004EBE50 /* wallpaper.jpg in Resources */ = {isa = PBXBuildFile; fileRef = 6D14528C1AD9E6D9004EBE50 /* wallpaper.jpg */; };
		6D14528F1AD9F9CF004EBE50 /* wallpaper2.jpg in Resources */ = {isa = PBXBuildFile; fileRef = 6D14528E1AD9F9CF004EBE50 /* wallpaper2.jpg */; };
		6D1B56A71A45D177009B50C1 /* HomeViewController.m in Sources */ = {isa = PBXBuildFile; fileRef = 6D1B56A01A45D177009B50C1 /* HomeViewController.m */; };
		6D1B56A81A45D177009B50C1 /* RegisterViewController.m in Sources */ = {isa = PBXBuildFile; fileRef = 6D1B56A31A45D177009B50C1 /* RegisterViewController.m */; };
		6D1B56B11A45D2C3009B50C1 /* greenButton.png in Resources */ = {isa = PBXBuildFile; fileRef = 6D1B56AD1A45D2C3009B50C1 /* greenButton.png */; };
		6D1B56B21A45D2C3009B50C1 /* redButton.png in Resources */ = {isa = PBXBuildFile; fileRef = 6D1B56AE1A45D2C3009B50C1 /* redButton.png */; };
		6D1B56B31A45D2C3009B50C1 /* logo.png in Resources */ = {isa = PBXBuildFile; fileRef = 6D1B56B01A45D2C3009B50C1 /* logo.png */; };
		6D1B56B71A464407009B50C1 /* FirstPageViewController.m in Sources */ = {isa = PBXBuildFile; fileRef = 6D1B56B61A464407009B50C1 /* FirstPageViewController.m */; };
		6D1B56BA1A464569009B50C1 /* background.png in Resources */ = {isa = PBXBuildFile; fileRef = 6D1B56B91A464569009B50C1 /* background.png */; };
		6D2B0C9E1AF51C5900E2D88A /* baboo.png in Resources */ = {isa = PBXBuildFile; fileRef = 6D2B0C9D1AF51C5900E2D88A /* baboo.png */; };
		6D30480C1A477FC10059159B /* Globals.m in Sources */ = {isa = PBXBuildFile; fileRef = 6D30480B1A477FC10059159B /* Globals.m */; };
		6D30481E1A48A7880059159B /* DashboardViewController.m in Sources */ = {isa = PBXBuildFile; fileRef = 6D30481D1A48A7880059159B /* DashboardViewController.m */; };
		6D3048251A48ABD70059159B /* TableViewController.m in Sources */ = {isa = PBXBuildFile; fileRef = 6D3048241A48ABD70059159B /* TableViewController.m */; };
		6D322A851A52FB720052D2A0 /* MembersViewController.m in Sources */ = {isa = PBXBuildFile; fileRef = 6D322A841A52FB720052D2A0 /* MembersViewController.m */; };
		6D4A10DA1B23851E00D4535D /* Blu.jpg in Resources */ = {isa = PBXBuildFile; fileRef = 6D4A10D91B23851E00D4535D /* Blu.jpg */; };
		6D4A10DE1B238A5E00D4535D /* hero_photo.png in Resources */ = {isa = PBXBuildFile; fileRef = 6D4A10DD1B238A5E00D4535D /* hero_photo.png */; };
		6D4A10E01B238CFA00D4535D /* points_photo.png in Resources */ = {isa = PBXBuildFile; fileRef = 6D4A10DF1B238CFA00D4535D /* points_photo.png */; };
		6D4A10E31B24E60A00D4535D /* BeforeHomePageViewController.m in Sources */ = {isa = PBXBuildFile; fileRef = 6D4A10E21B24E60A00D4535D /* BeforeHomePageViewController.m */; };
		6D54C9051A48C4240023032E /* SWRevealViewController.m in Sources */ = {isa = PBXBuildFile; fileRef = 6D54C9041A48C4240023032E /* SWRevealViewController.m */; };
		6D67D27F1A409C7500F49CDE /* main.m in Sources */ = {isa = PBXBuildFile; fileRef = 6D67D27E1A409C7500F49CDE /* main.m */; };
		6D67D2821A409C7500F49CDE /* AppDelegate.m in Sources */ = {isa = PBXBuildFile; fileRef = 6D67D2811A409C7500F49CDE /* AppDelegate.m */; };
		6D67D2851A409C7500F49CDE /* Task_Heroes.xcdatamodeld in Sources */ = {isa = PBXBuildFile; fileRef = 6D67D2831A409C7500F49CDE /* Task_Heroes.xcdatamodeld */; };
		6D67D28B1A409C7500F49CDE /* Main.storyboard in Resources */ = {isa = PBXBuildFile; fileRef = 6D67D2891A409C7500F49CDE /* Main.storyboard */; };
		6D67D28D1A409C7500F49CDE /* Images.xcassets in Resources */ = {isa = PBXBuildFile; fileRef = 6D67D28C1A409C7500F49CDE /* Images.xcassets */; };
		6D67D2901A409C7500F49CDE /* LaunchScreen.xib in Resources */ = {isa = PBXBuildFile; fileRef = 6D67D28E1A409C7500F49CDE /* LaunchScreen.xib */; };
		6D67D29C1A409C7600F49CDE /* Task_HeroesTests.m in Sources */ = {isa = PBXBuildFile; fileRef = 6D67D29B1A409C7600F49CDE /* Task_HeroesTests.m */; };
		6D67D2A61A409D1900F49CDE /* MapKit.framework in Frameworks */ = {isa = PBXBuildFile; fileRef = 6D67D2A51A409D1900F49CDE /* MapKit.framework */; };
		6D92DC821B2624C100B4BA34 /* presentationScreen.jpg in Resources */ = {isa = PBXBuildFile; fileRef = 6D92DC811B2624C100B4BA34 /* presentationScreen.jpg */; };
		6DB8125C1A49DF8B0031FF4D /* reveal-icon.png in Resources */ = {isa = PBXBuildFile; fileRef = 6DB8125B1A49DF8B0031FF4D /* reveal-icon.png */; };
		6DB8125F1A4A07380031FF4D /* Header.png in Resources */ = {isa = PBXBuildFile; fileRef = 6DB8125E1A4A07380031FF4D /* Header.png */; };
		6DBBDA751A532FA200B31D2D /* UIViewController+NavigationBar.m in Sources */ = {isa = PBXBuildFile; fileRef = 6DBBDA741A532FA200B31D2D /* UIViewController+NavigationBar.m */; };
		6DBBDA781A54231B00B31D2D /* OrganisationProfileViewController.m in Sources */ = {isa = PBXBuildFile; fileRef = 6DBBDA771A54231B00B31D2D /* OrganisationProfileViewController.m */; };
		6DBBDA7C1A5424F000B31D2D /* ProjectsViewController.m in Sources */ = {isa = PBXBuildFile; fileRef = 6DBBDA7B1A5424F000B31D2D /* ProjectsViewController.m */; };
		6DBBDA7F1A54318B00B31D2D /* logout.png in Resources */ = {isa = PBXBuildFile; fileRef = 6DBBDA7E1A54318B00B31D2D /* logout.png */; };
		6DF237C71B10A08F000C46EA /* SingleTaskViewController.m in Sources */ = {isa = PBXBuildFile; fileRef = 6DF237C61B10A08F000C46EA /* SingleTaskViewController.m */; };
		6DF41C041ADF044E00F5DFDA /* EditUserViewController.m in Sources */ = {isa = PBXBuildFile; fileRef = 6DF41C031ADF044E00F5DFDA /* EditUserViewController.m */; };
/* End PBXBuildFile section */

/* Begin PBXContainerItemProxy section */
		6D67D2961A409C7600F49CDE /* PBXContainerItemProxy */ = {
			isa = PBXContainerItemProxy;
			containerPortal = 6D67D2711A409C7500F49CDE /* Project object */;
			proxyType = 1;
			remoteGlobalIDString = 6D67D2781A409C7500F49CDE;
			remoteInfo = "Task Heroes";
		};
/* End PBXContainerItemProxy section */

/* Begin PBXFileReference section */
		6D0AC0BB1AFD699200667188 /* SingleProjectViewController.h */ = {isa = PBXFileReference; fileEncoding = 4; lastKnownFileType = sourcecode.c.h; name = SingleProjectViewController.h; path = SingleProject/SingleProjectViewController.h; sourceTree = "<group>"; };
		6D0AC0BC1AFD699200667188 /* SingleProjectViewController.m */ = {isa = PBXFileReference; fileEncoding = 4; lastKnownFileType = sourcecode.c.objc; name = SingleProjectViewController.m; path = SingleProject/SingleProjectViewController.m; sourceTree = "<group>"; };
		6D0E2D5A1AD1D01700E24046 /* Green Header.png */ = {isa = PBXFileReference; lastKnownFileType = image.png; path = "Green Header.png"; sourceTree = "<group>"; };
		6D0E2D5D1AD1D82000E24046 /* index logo.png */ = {isa = PBXFileReference; lastKnownFileType = image.png; path = "index logo.png"; sourceTree = "<group>"; };
		6D0E2D631AD1DB0700E24046 /* WelcomeViewController.h */ = {isa = PBXFileReference; fileEncoding = 4; lastKnownFileType = sourcecode.c.h; path = WelcomeViewController.h; sourceTree = "<group>"; };
		6D0E2D641AD1DB0700E24046 /* WelcomeViewController.m */ = {isa = PBXFileReference; fileEncoding = 4; lastKnownFileType = sourcecode.c.objc; path = WelcomeViewController.m; sourceTree = "<group>"; };
		6D0E2D671AD31AFC00E24046 /* Default.jpg */ = {isa = PBXFileReference; lastKnownFileType = image.jpeg; path = Default.jpg; sourceTree = "<group>"; };
		6D0E2D6D1AD3232F00E24046 /* ChoosePhotoViewController.h */ = {isa = PBXFileReference; fileEncoding = 4; lastKnownFileType = sourcecode.c.h; path = ChoosePhotoViewController.h; sourceTree = "<group>"; };
		6D0E2D6E1AD3232F00E24046 /* ChoosePhotoViewController.m */ = {isa = PBXFileReference; fileEncoding = 4; lastKnownFileType = sourcecode.c.objc; path = ChoosePhotoViewController.m; sourceTree = "<group>"; };
		6D144A4B1B1C3FF10044E84D /* UserData.h */ = {isa = PBXFileReference; fileEncoding = 4; lastKnownFileType = sourcecode.c.h; name = UserData.h; path = NSManagedObjectClass/UserData.h; sourceTree = "<group>"; };
		6D144A4C1B1C3FF10044E84D /* UserData.m */ = {isa = PBXFileReference; fileEncoding = 4; lastKnownFileType = sourcecode.c.objc; name = UserData.m; path = NSManagedObjectClass/UserData.m; sourceTree = "<group>"; };
		6D14528A1AD98CBE004EBE50 /* graySection.png */ = {isa = PBXFileReference; lastKnownFileType = image.png; path = graySection.png; sourceTree = "<group>"; };
		6D14528C1AD9E6D9004EBE50 /* wallpaper.jpg */ = {isa = PBXFileReference; lastKnownFileType = image.jpeg; path = wallpaper.jpg; sourceTree = "<group>"; };
		6D14528E1AD9F9CF004EBE50 /* wallpaper2.jpg */ = {isa = PBXFileReference; lastKnownFileType = image.jpeg; path = wallpaper2.jpg; sourceTree = "<group>"; };
		6D1B569F1A45D177009B50C1 /* HomeViewController.h */ = {isa = PBXFileReference; fileEncoding = 4; lastKnownFileType = sourcecode.c.h; path = HomeViewController.h; sourceTree = "<group>"; };
		6D1B56A01A45D177009B50C1 /* HomeViewController.m */ = {isa = PBXFileReference; fileEncoding = 4; lastKnownFileType = sourcecode.c.objc; path = HomeViewController.m; sourceTree = "<group>"; };
		6D1B56A21A45D177009B50C1 /* RegisterViewController.h */ = {isa = PBXFileReference; fileEncoding = 4; lastKnownFileType = sourcecode.c.h; path = RegisterViewController.h; sourceTree = "<group>"; };
		6D1B56A31A45D177009B50C1 /* RegisterViewController.m */ = {isa = PBXFileReference; fileEncoding = 4; lastKnownFileType = sourcecode.c.objc; path = RegisterViewController.m; sourceTree = "<group>"; };
		6D1B56AD1A45D2C3009B50C1 /* greenButton.png */ = {isa = PBXFileReference; lastKnownFileType = image.png; path = greenButton.png; sourceTree = "<group>"; };
		6D1B56AE1A45D2C3009B50C1 /* redButton.png */ = {isa = PBXFileReference; lastKnownFileType = image.png; path = redButton.png; sourceTree = "<group>"; };
		6D1B56B01A45D2C3009B50C1 /* logo.png */ = {isa = PBXFileReference; lastKnownFileType = image.png; path = logo.png; sourceTree = "<group>"; };
		6D1B56B51A464407009B50C1 /* FirstPageViewController.h */ = {isa = PBXFileReference; fileEncoding = 4; lastKnownFileType = sourcecode.c.h; path = FirstPageViewController.h; sourceTree = "<group>"; };
		6D1B56B61A464407009B50C1 /* FirstPageViewController.m */ = {isa = PBXFileReference; fileEncoding = 4; lastKnownFileType = sourcecode.c.objc; path = FirstPageViewController.m; sourceTree = "<group>"; };
		6D1B56B91A464569009B50C1 /* background.png */ = {isa = PBXFileReference; lastKnownFileType = image.png; path = background.png; sourceTree = "<group>"; };
		6D2B0C9D1AF51C5900E2D88A /* baboo.png */ = {isa = PBXFileReference; lastKnownFileType = image.png; path = baboo.png; sourceTree = "<group>"; };
		6D30480A1A477FC10059159B /* Globals.h */ = {isa = PBXFileReference; fileEncoding = 4; lastKnownFileType = sourcecode.c.h; path = Globals.h; sourceTree = "<group>"; };
		6D30480B1A477FC10059159B /* Globals.m */ = {isa = PBXFileReference; fileEncoding = 4; lastKnownFileType = sourcecode.c.objc; path = Globals.m; sourceTree = "<group>"; };
		6D30481C1A48A7880059159B /* DashboardViewController.h */ = {isa = PBXFileReference; fileEncoding = 4; lastKnownFileType = sourcecode.c.h; path = DashboardViewController.h; sourceTree = "<group>"; };
		6D30481D1A48A7880059159B /* DashboardViewController.m */ = {isa = PBXFileReference; fileEncoding = 4; lastKnownFileType = sourcecode.c.objc; path = DashboardViewController.m; sourceTree = "<group>"; };
		6D3048231A48ABD70059159B /* TableViewController.h */ = {isa = PBXFileReference; fileEncoding = 4; lastKnownFileType = sourcecode.c.h; path = TableViewController.h; sourceTree = "<group>"; };
		6D3048241A48ABD70059159B /* TableViewController.m */ = {isa = PBXFileReference; fileEncoding = 4; lastKnownFileType = sourcecode.c.objc; path = TableViewController.m; sourceTree = "<group>"; };
		6D322A831A52FB720052D2A0 /* MembersViewController.h */ = {isa = PBXFileReference; fileEncoding = 4; lastKnownFileType = sourcecode.c.h; name = MembersViewController.h; path = MembersViewController/MembersViewController.h; sourceTree = "<group>"; };
		6D322A841A52FB720052D2A0 /* MembersViewController.m */ = {isa = PBXFileReference; fileEncoding = 4; lastKnownFileType = sourcecode.c.objc; name = MembersViewController.m; path = MembersViewController/MembersViewController.m; sourceTree = "<group>"; };
		6D4A10D91B23851E00D4535D /* Blu.jpg */ = {isa = PBXFileReference; lastKnownFileType = image.jpeg; name = Blu.jpg; path = "Launch Screen/Blu.jpg"; sourceTree = "<group>"; };
		6D4A10DD1B238A5E00D4535D /* hero_photo.png */ = {isa = PBXFileReference; lastKnownFileType = image.png; name = hero_photo.png; path = "Choose Profile Picture/hero_photo.png"; sourceTree = "<group>"; };
		6D4A10DF1B238CFA00D4535D /* points_photo.png */ = {isa = PBXFileReference; lastKnownFileType = image.png; name = points_photo.png; path = "Choose Profile Picture/points_photo.png"; sourceTree = "<group>"; };
		6D4A10E11B24E60A00D4535D /* BeforeHomePageViewController.h */ = {isa = PBXFileReference; fileEncoding = 4; lastKnownFileType = sourcecode.c.h; name = BeforeHomePageViewController.h; path = BeforeNavigationViewController/BeforeHomePageViewController.h; sourceTree = "<group>"; };
		6D4A10E21B24E60A00D4535D /* BeforeHomePageViewController.m */ = {isa = PBXFileReference; fileEncoding = 4; lastKnownFileType = sourcecode.c.objc; name = BeforeHomePageViewController.m; path = BeforeNavigationViewController/BeforeHomePageViewController.m; sourceTree = "<group>"; };
		6D54C9031A48C4240023032E /* SWRevealViewController.h */ = {isa = PBXFileReference; fileEncoding = 4; lastKnownFileType = sourcecode.c.h; path = SWRevealViewController.h; sourceTree = "<group>"; };
		6D54C9041A48C4240023032E /* SWRevealViewController.m */ = {isa = PBXFileReference; fileEncoding = 4; lastKnownFileType = sourcecode.c.objc; path = SWRevealViewController.m; sourceTree = "<group>"; };
		6D67D2791A409C7500F49CDE /* Task Heroes.app */ = {isa = PBXFileReference; explicitFileType = wrapper.application; includeInIndex = 0; path = "Task Heroes.app"; sourceTree = BUILT_PRODUCTS_DIR; };
		6D67D27D1A409C7500F49CDE /* Info.plist */ = {isa = PBXFileReference; lastKnownFileType = text.plist.xml; path = Info.plist; sourceTree = "<group>"; };
		6D67D27E1A409C7500F49CDE /* main.m */ = {isa = PBXFileReference; lastKnownFileType = sourcecode.c.objc; path = main.m; sourceTree = "<group>"; };
		6D67D2801A409C7500F49CDE /* AppDelegate.h */ = {isa = PBXFileReference; lastKnownFileType = sourcecode.c.h; path = AppDelegate.h; sourceTree = "<group>"; };
		6D67D2811A409C7500F49CDE /* AppDelegate.m */ = {isa = PBXFileReference; lastKnownFileType = sourcecode.c.objc; path = AppDelegate.m; sourceTree = "<group>"; };
		6D67D2841A409C7500F49CDE /* Task_Heroes.xcdatamodel */ = {isa = PBXFileReference; lastKnownFileType = wrapper.xcdatamodel; path = Task_Heroes.xcdatamodel; sourceTree = "<group>"; };
		6D67D28A1A409C7500F49CDE /* Base */ = {isa = PBXFileReference; lastKnownFileType = file.storyboard; name = Base; path = Base.lproj/Main.storyboard; sourceTree = "<group>"; };
		6D67D28C1A409C7500F49CDE /* Images.xcassets */ = {isa = PBXFileReference; lastKnownFileType = folder.assetcatalog; path = Images.xcassets; sourceTree = "<group>"; };
		6D67D28F1A409C7500F49CDE /* Base */ = {isa = PBXFileReference; lastKnownFileType = file.xib; name = Base; path = Base.lproj/LaunchScreen.xib; sourceTree = "<group>"; };
		6D67D2951A409C7600F49CDE /* Task HeroesTests.xctest */ = {isa = PBXFileReference; explicitFileType = wrapper.cfbundle; includeInIndex = 0; path = "Task HeroesTests.xctest"; sourceTree = BUILT_PRODUCTS_DIR; };
		6D67D29A1A409C7600F49CDE /* Info.plist */ = {isa = PBXFileReference; lastKnownFileType = text.plist.xml; path = Info.plist; sourceTree = "<group>"; };
		6D67D29B1A409C7600F49CDE /* Task_HeroesTests.m */ = {isa = PBXFileReference; lastKnownFileType = sourcecode.c.objc; path = Task_HeroesTests.m; sourceTree = "<group>"; };
		6D67D2A51A409D1900F49CDE /* MapKit.framework */ = {isa = PBXFileReference; lastKnownFileType = wrapper.framework; name = MapKit.framework; path = System/Library/Frameworks/MapKit.framework; sourceTree = SDKROOT; };
		6D92DC811B2624C100B4BA34 /* presentationScreen.jpg */ = {isa = PBXFileReference; lastKnownFileType = image.jpeg; path = presentationScreen.jpg; sourceTree = "<group>"; };
		6DB8125B1A49DF8B0031FF4D /* reveal-icon.png */ = {isa = PBXFileReference; lastKnownFileType = image.png; path = "reveal-icon.png"; sourceTree = "<group>"; };
		6DB8125E1A4A07380031FF4D /* Header.png */ = {isa = PBXFileReference; lastKnownFileType = image.png; path = Header.png; sourceTree = "<group>"; };
		6DBBDA731A532FA200B31D2D /* UIViewController+NavigationBar.h */ = {isa = PBXFileReference; fileEncoding = 4; lastKnownFileType = sourcecode.c.h; path = "UIViewController+NavigationBar.h"; sourceTree = "<group>"; };
		6DBBDA741A532FA200B31D2D /* UIViewController+NavigationBar.m */ = {isa = PBXFileReference; fileEncoding = 4; lastKnownFileType = sourcecode.c.objc; path = "UIViewController+NavigationBar.m"; sourceTree = "<group>"; };
		6DBBDA761A54231B00B31D2D /* OrganisationProfileViewController.h */ = {isa = PBXFileReference; fileEncoding = 4; lastKnownFileType = sourcecode.c.h; name = OrganisationProfileViewController.h; path = OrganisationProfileViewController/OrganisationProfileViewController.h; sourceTree = "<group>"; };
		6DBBDA771A54231B00B31D2D /* OrganisationProfileViewController.m */ = {isa = PBXFileReference; fileEncoding = 4; lastKnownFileType = sourcecode.c.objc; name = OrganisationProfileViewController.m; path = OrganisationProfileViewController/OrganisationProfileViewController.m; sourceTree = "<group>"; };
		6DBBDA7A1A5424F000B31D2D /* ProjectsViewController.h */ = {isa = PBXFileReference; fileEncoding = 4; lastKnownFileType = sourcecode.c.h; name = ProjectsViewController.h; path = ProjectsViewController/ProjectsViewController.h; sourceTree = "<group>"; };
		6DBBDA7B1A5424F000B31D2D /* ProjectsViewController.m */ = {isa = PBXFileReference; fileEncoding = 4; lastKnownFileType = sourcecode.c.objc; name = ProjectsViewController.m; path = ProjectsViewController/ProjectsViewController.m; sourceTree = "<group>"; };
		6DBBDA7E1A54318B00B31D2D /* logout.png */ = {isa = PBXFileReference; lastKnownFileType = image.png; path = logout.png; sourceTree = "<group>"; };
		6DF237C51B10A08F000C46EA /* SingleTaskViewController.h */ = {isa = PBXFileReference; fileEncoding = 4; lastKnownFileType = sourcecode.c.h; name = SingleTaskViewController.h; path = SingleTaskViewController/SingleTaskViewController.h; sourceTree = "<group>"; };
		6DF237C61B10A08F000C46EA /* SingleTaskViewController.m */ = {isa = PBXFileReference; fileEncoding = 4; lastKnownFileType = sourcecode.c.objc; name = SingleTaskViewController.m; path = SingleTaskViewController/SingleTaskViewController.m; sourceTree = "<group>"; };
		6DF41C021ADF044E00F5DFDA /* EditUserViewController.h */ = {isa = PBXFileReference; fileEncoding = 4; lastKnownFileType = sourcecode.c.h; name = EditUserViewController.h; path = EditUserViewController/EditUserViewController.h; sourceTree = "<group>"; };
		6DF41C031ADF044E00F5DFDA /* EditUserViewController.m */ = {isa = PBXFileReference; fileEncoding = 4; lastKnownFileType = sourcecode.c.objc; name = EditUserViewController.m; path = EditUserViewController/EditUserViewController.m; sourceTree = "<group>"; };
/* End PBXFileReference section */

/* Begin PBXFrameworksBuildPhase section */
		6D67D2761A409C7500F49CDE /* Frameworks */ = {
			isa = PBXFrameworksBuildPhase;
			buildActionMask = 2147483647;
			files = (
				6D67D2A61A409D1900F49CDE /* MapKit.framework in Frameworks */,
			);
			runOnlyForDeploymentPostprocessing = 0;
		};
		6D67D2921A409C7600F49CDE /* Frameworks */ = {
			isa = PBXFrameworksBuildPhase;
			buildActionMask = 2147483647;
			files = (
			);
			runOnlyForDeploymentPostprocessing = 0;
		};
/* End PBXFrameworksBuildPhase section */

/* Begin PBXGroup section */
		6D0AC0BE1AFD699800667188 /* SingleProjectViewController */ = {
			isa = PBXGroup;
			children = (
				6D0AC0BB1AFD699200667188 /* SingleProjectViewController.h */,
				6D0AC0BC1AFD699200667188 /* SingleProjectViewController.m */,
			);
			name = SingleProjectViewController;
			sourceTree = "<group>";
		};
		6D0E2D5C1AD1D82000E24046 /* Welcome */ = {
			isa = PBXGroup;
			children = (
				6D0E2D5D1AD1D82000E24046 /* index logo.png */,
			);
			path = Welcome;
			sourceTree = "<group>";
		};
		6D0E2D621AD1DB0700E24046 /* WelcomeViewController */ = {
			isa = PBXGroup;
			children = (
				6D0E2D631AD1DB0700E24046 /* WelcomeViewController.h */,
				6D0E2D641AD1DB0700E24046 /* WelcomeViewController.m */,
			);
			path = WelcomeViewController;
			sourceTree = "<group>";
		};
		6D0E2D661AD31AFC00E24046 /* Profile Picture */ = {
			isa = PBXGroup;
			children = (
				6D0E2D671AD31AFC00E24046 /* Default.jpg */,
			);
			path = "Profile Picture";
			sourceTree = "<group>";
		};
		6D0E2D6C1AD3232F00E24046 /* ChoosePhotoViewController */ = {
			isa = PBXGroup;
			children = (
				6D0E2D6D1AD3232F00E24046 /* ChoosePhotoViewController.h */,
				6D0E2D6E1AD3232F00E24046 /* ChoosePhotoViewController.m */,
			);
			path = ChoosePhotoViewController;
			sourceTree = "<group>";
		};
		6D144A4A1B1C3FCE0044E84D /* NSManagedObjectClass */ = {
			isa = PBXGroup;
			children = (
				6D144A4B1B1C3FF10044E84D /* UserData.h */,
				6D144A4C1B1C3FF10044E84D /* UserData.m */,
			);
			name = NSManagedObjectClass;
			sourceTree = "<group>";
		};
		6D144A4E1B1C40070044E84D /* AppDelegate */ = {
			isa = PBXGroup;
			children = (
				6D67D2801A409C7500F49CDE /* AppDelegate.h */,
				6D67D2811A409C7500F49CDE /* AppDelegate.m */,
			);
			name = AppDelegate;
			sourceTree = "<group>";
		};
		6D1B569C1A45D044009B50C1 /* ViewControllers */ = {
			isa = PBXGroup;
			children = (
				6D4A10E61B24E62500D4535D /* BeforeHomePageViewController */,
				6DF237C41B10A07C000C46EA /* SingleTaskViewController */,
				6D0AC0BE1AFD699800667188 /* SingleProjectViewController */,
				6DF41C011ADF043600F5DFDA /* EditUserViewController */,
				6D0E2D6C1AD3232F00E24046 /* ChoosePhotoViewController */,
				6D0E2D621AD1DB0700E24046 /* WelcomeViewController */,
				6DBBDA7D1A5424F800B31D2D /* ProjectsViewController */,
				6DBBDA791A54232B00B31D2D /* OrganisationProfileViewController */,
				6DBBDA721A532FA200B31D2D /* UIViewController+NavigationBar */,
				6D322A861A52FB7B0052D2A0 /* MembersViewController */,
				6D3048221A48ABD70059159B /* TableViewController */,
				6D30481B1A48A7880059159B /* DashboardViewController */,
				6D1B56B41A464407009B50C1 /* FirstPageViewController */,
				6D1B569E1A45D177009B50C1 /* HomeViewController */,
				6D1B56A11A45D177009B50C1 /* RegisterViewController */,
			);
			path = ViewControllers;
			sourceTree = "<group>";
		};
		6D1B569E1A45D177009B50C1 /* HomeViewController */ = {
			isa = PBXGroup;
			children = (
				6D1B569F1A45D177009B50C1 /* HomeViewController.h */,
				6D1B56A01A45D177009B50C1 /* HomeViewController.m */,
			);
			path = HomeViewController;
			sourceTree = "<group>";
		};
		6D1B56A11A45D177009B50C1 /* RegisterViewController */ = {
			isa = PBXGroup;
			children = (
				6D1B56A21A45D177009B50C1 /* RegisterViewController.h */,
				6D1B56A31A45D177009B50C1 /* RegisterViewController.m */,
			);
			path = RegisterViewController;
			sourceTree = "<group>";
		};
		6D1B56AB1A45D2C3009B50C1 /* Images */ = {
			isa = PBXGroup;
			children = (
				6D4A10DC1B238A4E00D4535D /* ChooseProfileImage */,
				6D4A10D81B2384F600D4535D /* Launch Screen */,
				6D0E2D661AD31AFC00E24046 /* Profile Picture */,
				6D0E2D5C1AD1D82000E24046 /* Welcome */,
				6DB8125D1A4A07380031FF4D /* RevealList */,
				6DB8125A1A49DF8B0031FF4D /* Dashboard */,
				6D1B56B81A464569009B50C1 /* ViewController */,
				6D1B56AC1A45D2C3009B50C1 /* Buttons */,
				6D1B56AF1A45D2C3009B50C1 /* HomeViewController */,
			);
			path = Images;
			sourceTree = "<group>";
		};
		6D1B56AC1A45D2C3009B50C1 /* Buttons */ = {
			isa = PBXGroup;
			children = (
				6D14528A1AD98CBE004EBE50 /* graySection.png */,
				6D1B56AD1A45D2C3009B50C1 /* greenButton.png */,
				6D1B56AE1A45D2C3009B50C1 /* redButton.png */,
			);
			path = Buttons;
			sourceTree = "<group>";
		};
		6D1B56AF1A45D2C3009B50C1 /* HomeViewController */ = {
			isa = PBXGroup;
			children = (
				6D2B0C9D1AF51C5900E2D88A /* baboo.png */,
				6D1B56B01A45D2C3009B50C1 /* logo.png */,
			);
			path = HomeViewController;
			sourceTree = "<group>";
		};
		6D1B56B41A464407009B50C1 /* FirstPageViewController */ = {
			isa = PBXGroup;
			children = (
				6D1B56B51A464407009B50C1 /* FirstPageViewController.h */,
				6D1B56B61A464407009B50C1 /* FirstPageViewController.m */,
			);
			name = FirstPageViewController;
			path = FirstPage;
			sourceTree = "<group>";
		};
		6D1B56B81A464569009B50C1 /* ViewController */ = {
			isa = PBXGroup;
			children = (
				6D92DC811B2624C100B4BA34 /* presentationScreen.jpg */,
				6D1B56B91A464569009B50C1 /* background.png */,
			);
			path = ViewController;
			sourceTree = "<group>";
		};
		6D3048091A477FC10059159B /* Globals */ = {
			isa = PBXGroup;
			children = (
				6D30480A1A477FC10059159B /* Globals.h */,
				6D30480B1A477FC10059159B /* Globals.m */,
			);
			path = Globals;
			sourceTree = "<group>";
		};
		6D30481B1A48A7880059159B /* DashboardViewController */ = {
			isa = PBXGroup;
			children = (
				6D30481C1A48A7880059159B /* DashboardViewController.h */,
				6D30481D1A48A7880059159B /* DashboardViewController.m */,
			);
			path = DashboardViewController;
			sourceTree = "<group>";
		};
		6D3048221A48ABD70059159B /* TableViewController */ = {
			isa = PBXGroup;
			children = (
				6D3048231A48ABD70059159B /* TableViewController.h */,
				6D3048241A48ABD70059159B /* TableViewController.m */,
			);
			path = TableViewController;
			sourceTree = "<group>";
		};
		6D322A861A52FB7B0052D2A0 /* MembersViewController */ = {
			isa = PBXGroup;
			children = (
				6D322A831A52FB720052D2A0 /* MembersViewController.h */,
				6D322A841A52FB720052D2A0 /* MembersViewController.m */,
			);
			name = MembersViewController;
			sourceTree = "<group>";
		};
		6D4A10D81B2384F600D4535D /* Launch Screen */ = {
			isa = PBXGroup;
			children = (
				6D4A10D91B23851E00D4535D /* Blu.jpg */,
			);
			name = "Launch Screen";
			sourceTree = "<group>";
		};
		6D4A10DC1B238A4E00D4535D /* ChooseProfileImage */ = {
			isa = PBXGroup;
			children = (
				6D4A10DF1B238CFA00D4535D /* points_photo.png */,
				6D4A10DD1B238A5E00D4535D /* hero_photo.png */,
			);
			name = ChooseProfileImage;
			sourceTree = "<group>";
		};
		6D4A10E61B24E62500D4535D /* BeforeHomePageViewController */ = {
			isa = PBXGroup;
			children = (
				6D4A10E11B24E60A00D4535D /* BeforeHomePageViewController.h */,
				6D4A10E21B24E60A00D4535D /* BeforeHomePageViewController.m */,
			);
			name = BeforeHomePageViewController;
			sourceTree = "<group>";
		};
		6D54C9021A48C4240023032E /* SWRevealViewController */ = {
			isa = PBXGroup;
			children = (
				6D54C9031A48C4240023032E /* SWRevealViewController.h */,
				6D54C9041A48C4240023032E /* SWRevealViewController.m */,
			);
			name = SWRevealViewController;
			path = ViewControllers/SWRevealViewController;
			sourceTree = "<group>";
		};
		6D67D2701A409C7500F49CDE = {
			isa = PBXGroup;
			children = (
				6D67D2A51A409D1900F49CDE /* MapKit.framework */,
				6D67D27B1A409C7500F49CDE /* Task Heroes */,
				6D67D2981A409C7600F49CDE /* Task HeroesTests */,
				6D67D27A1A409C7500F49CDE /* Products */,
			);
			sourceTree = "<group>";
		};
		6D67D27A1A409C7500F49CDE /* Products */ = {
			isa = PBXGroup;
			children = (
				6D67D2791A409C7500F49CDE /* Task Heroes.app */,
				6D67D2951A409C7600F49CDE /* Task HeroesTests.xctest */,
			);
			name = Products;
			sourceTree = "<group>";
		};
		6D67D27B1A409C7500F49CDE /* Task Heroes */ = {
			isa = PBXGroup;
			children = (
				6DB812601A4A20D60031FF4D /* Interface */,
				6D1B569C1A45D044009B50C1 /* ViewControllers */,
				6D3048091A477FC10059159B /* Globals */,
				6DB812611A4A212A0031FF4D /* Uitls */,
				6D67D28C1A409C7500F49CDE /* Images.xcassets */,
				6D67D28E1A409C7500F49CDE /* LaunchScreen.xib */,
				6D67D2831A409C7500F49CDE /* Task_Heroes.xcdatamodeld */,
				6D67D27C1A409C7500F49CDE /* Supporting Files */,
			);
			path = "Task Heroes";
			sourceTree = "<group>";
		};
		6D67D27C1A409C7500F49CDE /* Supporting Files */ = {
			isa = PBXGroup;
			children = (
				6D1B56AB1A45D2C3009B50C1 /* Images */,
				6D67D27D1A409C7500F49CDE /* Info.plist */,
				6D67D27E1A409C7500F49CDE /* main.m */,
			);
			name = "Supporting Files";
			sourceTree = "<group>";
		};
		6D67D2981A409C7600F49CDE /* Task HeroesTests */ = {
			isa = PBXGroup;
			children = (
				6D67D29B1A409C7600F49CDE /* Task_HeroesTests.m */,
				6D67D2991A409C7600F49CDE /* Supporting Files */,
			);
			path = "Task HeroesTests";
			sourceTree = "<group>";
		};
		6D67D2991A409C7600F49CDE /* Supporting Files */ = {
			isa = PBXGroup;
			children = (
				6D67D29A1A409C7600F49CDE /* Info.plist */,
			);
			name = "Supporting Files";
			sourceTree = "<group>";
		};
		6DB8125A1A49DF8B0031FF4D /* Dashboard */ = {
			isa = PBXGroup;
			children = (
				6D14528E1AD9F9CF004EBE50 /* wallpaper2.jpg */,
				6D14528C1AD9E6D9004EBE50 /* wallpaper.jpg */,
				6DBBDA7E1A54318B00B31D2D /* logout.png */,
				6DB8125B1A49DF8B0031FF4D /* reveal-icon.png */,
			);
			path = Dashboard;
			sourceTree = "<group>";
		};
		6DB8125D1A4A07380031FF4D /* RevealList */ = {
			isa = PBXGroup;
			children = (
				6D0E2D5A1AD1D01700E24046 /* Green Header.png */,
				6DB8125E1A4A07380031FF4D /* Header.png */,
			);
			path = RevealList;
			sourceTree = "<group>";
		};
		6DB812601A4A20D60031FF4D /* Interface */ = {
			isa = PBXGroup;
			children = (
				6D67D2891A409C7500F49CDE /* Main.storyboard */,
			);
			name = Interface;
			sourceTree = "<group>";
		};
		6DB812611A4A212A0031FF4D /* Uitls */ = {
			isa = PBXGroup;
			children = (
				6D144A4A1B1C3FCE0044E84D /* NSManagedObjectClass */,
				6D144A4E1B1C40070044E84D /* AppDelegate */,
				6D54C9021A48C4240023032E /* SWRevealViewController */,
			);
			name = Uitls;
			sourceTree = "<group>";
		};
		6DBBDA721A532FA200B31D2D /* UIViewController+NavigationBar */ = {
			isa = PBXGroup;
			children = (
				6DBBDA731A532FA200B31D2D /* UIViewController+NavigationBar.h */,
				6DBBDA741A532FA200B31D2D /* UIViewController+NavigationBar.m */,
			);
			path = "UIViewController+NavigationBar";
			sourceTree = "<group>";
		};
		6DBBDA791A54232B00B31D2D /* OrganisationProfileViewController */ = {
			isa = PBXGroup;
			children = (
				6DBBDA761A54231B00B31D2D /* OrganisationProfileViewController.h */,
				6DBBDA771A54231B00B31D2D /* OrganisationProfileViewController.m */,
			);
			name = OrganisationProfileViewController;
			sourceTree = "<group>";
		};
		6DBBDA7D1A5424F800B31D2D /* ProjectsViewController */ = {
			isa = PBXGroup;
			children = (
				6DBBDA7A1A5424F000B31D2D /* ProjectsViewController.h */,
				6DBBDA7B1A5424F000B31D2D /* ProjectsViewController.m */,
			);
			name = ProjectsViewController;
			sourceTree = "<group>";
		};
		6DF237C41B10A07C000C46EA /* SingleTaskViewController */ = {
			isa = PBXGroup;
			children = (
				6DF237C51B10A08F000C46EA /* SingleTaskViewController.h */,
				6DF237C61B10A08F000C46EA /* SingleTaskViewController.m */,
			);
			name = SingleTaskViewController;
			sourceTree = "<group>";
		};
		6DF41C011ADF043600F5DFDA /* EditUserViewController */ = {
			isa = PBXGroup;
			children = (
				6DF41C021ADF044E00F5DFDA /* EditUserViewController.h */,
				6DF41C031ADF044E00F5DFDA /* EditUserViewController.m */,
			);
			name = EditUserViewController;
			sourceTree = "<group>";
		};
/* End PBXGroup section */

/* Begin PBXNativeTarget section */
		6D67D2781A409C7500F49CDE /* Task Heroes */ = {
			isa = PBXNativeTarget;
			buildConfigurationList = 6D67D29F1A409C7600F49CDE /* Build configuration list for PBXNativeTarget "Task Heroes" */;
			buildPhases = (
				6D67D2751A409C7500F49CDE /* Sources */,
				6D67D2761A409C7500F49CDE /* Frameworks */,
				6D67D2771A409C7500F49CDE /* Resources */,
			);
			buildRules = (
			);
			dependencies = (
			);
			name = "Task Heroes";
			productName = "Task Heroes";
			productReference = 6D67D2791A409C7500F49CDE /* Task Heroes.app */;
			productType = "com.apple.product-type.application";
		};
		6D67D2941A409C7600F49CDE /* Task HeroesTests */ = {
			isa = PBXNativeTarget;
			buildConfigurationList = 6D67D2A21A409C7600F49CDE /* Build configuration list for PBXNativeTarget "Task HeroesTests" */;
			buildPhases = (
				6D67D2911A409C7600F49CDE /* Sources */,
				6D67D2921A409C7600F49CDE /* Frameworks */,
				6D67D2931A409C7600F49CDE /* Resources */,
			);
			buildRules = (
			);
			dependencies = (
				6D67D2971A409C7600F49CDE /* PBXTargetDependency */,
			);
			name = "Task HeroesTests";
			productName = "Task HeroesTests";
			productReference = 6D67D2951A409C7600F49CDE /* Task HeroesTests.xctest */;
			productType = "com.apple.product-type.bundle.unit-test";
		};
/* End PBXNativeTarget section */

/* Begin PBXProject section */
		6D67D2711A409C7500F49CDE /* Project object */ = {
			isa = PBXProject;
			attributes = {
				LastUpgradeCheck = 0610;
				ORGANIZATIONNAME = "Andreea-Daniela Ene";
				TargetAttributes = {
					6D67D2781A409C7500F49CDE = {
						CreatedOnToolsVersion = 6.1;
					};
					6D67D2941A409C7600F49CDE = {
						CreatedOnToolsVersion = 6.1;
						TestTargetID = 6D67D2781A409C7500F49CDE;
					};
				};
			};
			buildConfigurationList = 6D67D2741A409C7500F49CDE /* Build configuration list for PBXProject "Task Heroes" */;
			compatibilityVersion = "Xcode 3.2";
			developmentRegion = English;
			hasScannedForEncodings = 0;
			knownRegions = (
				en,
				Base,
			);
			mainGroup = 6D67D2701A409C7500F49CDE;
			productRefGroup = 6D67D27A1A409C7500F49CDE /* Products */;
			projectDirPath = "";
			projectRoot = "";
			targets = (
				6D67D2781A409C7500F49CDE /* Task Heroes */,
				6D67D2941A409C7600F49CDE /* Task HeroesTests */,
			);
		};
/* End PBXProject section */

/* Begin PBXResourcesBuildPhase section */
		6D67D2771A409C7500F49CDE /* Resources */ = {
			isa = PBXResourcesBuildPhase;
			buildActionMask = 2147483647;
			files = (
				6D67D28B1A409C7500F49CDE /* Main.storyboard in Resources */,
				6D4A10E01B238CFA00D4535D /* points_photo.png in Resources */,
				6D67D2901A409C7500F49CDE /* LaunchScreen.xib in Resources */,
				6D14528B1AD98CBE004EBE50 /* graySection.png in Resources */,
				6D1B56BA1A464569009B50C1 /* background.png in Resources */,
				6D0E2D681AD31AFC00E24046 /* Default.jpg in Resources */,
				6D0E2D5B1AD1D01700E24046 /* Green Header.png in Resources */,
				6D1B56B31A45D2C3009B50C1 /* logo.png in Resources */,
				6D14528F1AD9F9CF004EBE50 /* wallpaper2.jpg in Resources */,
				6D67D28D1A409C7500F49CDE /* Images.xcassets in Resources */,
				6D4A10DA1B23851E00D4535D /* Blu.jpg in Resources */,
				6D2B0C9E1AF51C5900E2D88A /* baboo.png in Resources */,
				6D1B56B11A45D2C3009B50C1 /* greenButton.png in Resources */,
				6D14528D1AD9E6D9004EBE50 /* wallpaper.jpg in Resources */,
				6DB8125F1A4A07380031FF4D /* Header.png in Resources */,
				6DBBDA7F1A54318B00B31D2D /* logout.png in Resources */,
				6D1B56B21A45D2C3009B50C1 /* redButton.png in Resources */,
				6D0E2D5E1AD1D82000E24046 /* index logo.png in Resources */,
				6D92DC821B2624C100B4BA34 /* presentationScreen.jpg in Resources */,
				6D4A10DE1B238A5E00D4535D /* hero_photo.png in Resources */,
				6DB8125C1A49DF8B0031FF4D /* reveal-icon.png in Resources */,
			);
			runOnlyForDeploymentPostprocessing = 0;
		};
		6D67D2931A409C7600F49CDE /* Resources */ = {
			isa = PBXResourcesBuildPhase;
			buildActionMask = 2147483647;
			files = (
			);
			runOnlyForDeploymentPostprocessing = 0;
		};
/* End PBXResourcesBuildPhase section */

/* Begin PBXSourcesBuildPhase section */
		6D67D2751A409C7500F49CDE /* Sources */ = {
			isa = PBXSourcesBuildPhase;
			buildActionMask = 2147483647;
			files = (
				6D0E2D6F1AD3232F00E24046 /* ChoosePhotoViewController.m in Sources */,
				6D322A851A52FB720052D2A0 /* MembersViewController.m in Sources */,
				6D3048251A48ABD70059159B /* TableViewController.m in Sources */,
				6D1B56B71A464407009B50C1 /* FirstPageViewController.m in Sources */,
				6D0AC0BD1AFD699200667188 /* SingleProjectViewController.m in Sources */,
				6D67D2851A409C7500F49CDE /* Task_Heroes.xcdatamodeld in Sources */,
				6D67D2821A409C7500F49CDE /* AppDelegate.m in Sources */,
				6D30481E1A48A7880059159B /* DashboardViewController.m in Sources */,
				6DF237C71B10A08F000C46EA /* SingleTaskViewController.m in Sources */,
				6D1B56A81A45D177009B50C1 /* RegisterViewController.m in Sources */,
				6D4A10E31B24E60A00D4535D /* BeforeHomePageViewController.m in Sources */,
				6DF41C041ADF044E00F5DFDA /* EditUserViewController.m in Sources */,
				6DBBDA781A54231B00B31D2D /* OrganisationProfileViewController.m in Sources */,
				6D1B56A71A45D177009B50C1 /* HomeViewController.m in Sources */,
				6DBBDA7C1A5424F000B31D2D /* ProjectsViewController.m in Sources */,
				6D54C9051A48C4240023032E /* SWRevealViewController.m in Sources */,
				6D144A4D1B1C3FF10044E84D /* UserData.m in Sources */,
				6D0E2D651AD1DB0700E24046 /* WelcomeViewController.m in Sources */,
				6D30480C1A477FC10059159B /* Globals.m in Sources */,
				6D67D27F1A409C7500F49CDE /* main.m in Sources */,
				6DBBDA751A532FA200B31D2D /* UIViewController+NavigationBar.m in Sources */,
			);
			runOnlyForDeploymentPostprocessing = 0;
		};
		6D67D2911A409C7600F49CDE /* Sources */ = {
			isa = PBXSourcesBuildPhase;
			buildActionMask = 2147483647;
			files = (
				6D67D29C1A409C7600F49CDE /* Task_HeroesTests.m in Sources */,
			);
			runOnlyForDeploymentPostprocessing = 0;
		};
/* End PBXSourcesBuildPhase section */

/* Begin PBXTargetDependency section */
		6D67D2971A409C7600F49CDE /* PBXTargetDependency */ = {
			isa = PBXTargetDependency;
			target = 6D67D2781A409C7500F49CDE /* Task Heroes */;
			targetProxy = 6D67D2961A409C7600F49CDE /* PBXContainerItemProxy */;
		};
/* End PBXTargetDependency section */

/* Begin PBXVariantGroup section */
		6D67D2891A409C7500F49CDE /* Main.storyboard */ = {
			isa = PBXVariantGroup;
			children = (
				6D67D28A1A409C7500F49CDE /* Base */,
			);
			name = Main.storyboard;
			sourceTree = "<group>";
		};
		6D67D28E1A409C7500F49CDE /* LaunchScreen.xib */ = {
			isa = PBXVariantGroup;
			children = (
				6D67D28F1A409C7500F49CDE /* Base */,
			);
			name = LaunchScreen.xib;
			sourceTree = "<group>";
		};
/* End PBXVariantGroup section */

/* Begin XCBuildConfiguration section */
		6D67D29D1A409C7600F49CDE /* Debug */ = {
			isa = XCBuildConfiguration;
			buildSettings = {
				ALWAYS_SEARCH_USER_PATHS = NO;
				CLANG_CXX_LANGUAGE_STANDARD = "gnu++0x";
				CLANG_CXX_LIBRARY = "libc++";
				CLANG_ENABLE_MODULES = YES;
				CLANG_ENABLE_OBJC_ARC = YES;
				CLANG_WARN_BOOL_CONVERSION = YES;
				CLANG_WARN_CONSTANT_CONVERSION = YES;
				CLANG_WARN_DIRECT_OBJC_ISA_USAGE = YES_ERROR;
				CLANG_WARN_EMPTY_BODY = YES;
				CLANG_WARN_ENUM_CONVERSION = YES;
				CLANG_WARN_INT_CONVERSION = YES;
				CLANG_WARN_OBJC_ROOT_CLASS = YES_ERROR;
				CLANG_WARN_UNREACHABLE_CODE = YES;
				CLANG_WARN__DUPLICATE_METHOD_MATCH = YES;
				CODE_SIGN_IDENTITY = "iPhone Developer";
				"CODE_SIGN_IDENTITY[sdk=iphoneos*]" = "iPhone Developer";
				COPY_PHASE_STRIP = NO;
				ENABLE_STRICT_OBJC_MSGSEND = YES;
				GCC_C_LANGUAGE_STANDARD = gnu99;
				GCC_DYNAMIC_NO_PIC = NO;
				GCC_OPTIMIZATION_LEVEL = 0;
				GCC_PREPROCESSOR_DEFINITIONS = (
					"DEBUG=1",
					"$(inherited)",
				);
				GCC_SYMBOLS_PRIVATE_EXTERN = NO;
				GCC_WARN_64_TO_32_BIT_CONVERSION = YES;
				GCC_WARN_ABOUT_RETURN_TYPE = YES_ERROR;
				GCC_WARN_UNDECLARED_SELECTOR = YES;
				GCC_WARN_UNINITIALIZED_AUTOS = YES_AGGRESSIVE;
				GCC_WARN_UNUSED_FUNCTION = YES;
				GCC_WARN_UNUSED_VARIABLE = YES;
				IPHONEOS_DEPLOYMENT_TARGET = 8.3;
				MTL_ENABLE_DEBUG_INFO = YES;
				ONLY_ACTIVE_ARCH = YES;
				SDKROOT = iphoneos;
			};
			name = Debug;
		};
		6D67D29E1A409C7600F49CDE /* Release */ = {
			isa = XCBuildConfiguration;
			buildSettings = {
				ALWAYS_SEARCH_USER_PATHS = NO;
				CLANG_CXX_LANGUAGE_STANDARD = "gnu++0x";
				CLANG_CXX_LIBRARY = "libc++";
				CLANG_ENABLE_MODULES = YES;
				CLANG_ENABLE_OBJC_ARC = YES;
				CLANG_WARN_BOOL_CONVERSION = YES;
				CLANG_WARN_CONSTANT_CONVERSION = YES;
				CLANG_WARN_DIRECT_OBJC_ISA_USAGE = YES_ERROR;
				CLANG_WARN_EMPTY_BODY = YES;
				CLANG_WARN_ENUM_CONVERSION = YES;
				CLANG_WARN_INT_CONVERSION = YES;
				CLANG_WARN_OBJC_ROOT_CLASS = YES_ERROR;
				CLANG_WARN_UNREACHABLE_CODE = YES;
				CLANG_WARN__DUPLICATE_METHOD_MATCH = YES;
				CODE_SIGN_IDENTITY = "iPhone Developer";
				"CODE_SIGN_IDENTITY[sdk=iphoneos*]" = "iPhone Developer";
				COPY_PHASE_STRIP = YES;
				ENABLE_NS_ASSERTIONS = NO;
				ENABLE_STRICT_OBJC_MSGSEND = YES;
				GCC_C_LANGUAGE_STANDARD = gnu99;
				GCC_WARN_64_TO_32_BIT_CONVERSION = YES;
				GCC_WARN_ABOUT_RETURN_TYPE = YES_ERROR;
				GCC_WARN_UNDECLARED_SELECTOR = YES;
				GCC_WARN_UNINITIALIZED_AUTOS = YES_AGGRESSIVE;
				GCC_WARN_UNUSED_FUNCTION = YES;
				GCC_WARN_UNUSED_VARIABLE = YES;
				IPHONEOS_DEPLOYMENT_TARGET = 8.3;
				MTL_ENABLE_DEBUG_INFO = NO;
				SDKROOT = iphoneos;
				VALIDATE_PRODUCT = YES;
			};
			name = Release;
		};
		6D67D2A01A409C7600F49CDE /* Debug */ = {
			isa = XCBuildConfiguration;
			buildSettings = {
				ASSETCATALOG_COMPILER_APPICON_NAME = AppIcon;
				CODE_SIGN_IDENTITY = "iPhone Developer";
				INFOPLIST_FILE = "Task Heroes/Info.plist";
				IPHONEOS_DEPLOYMENT_TARGET = 8.3;
				LD_RUNPATH_SEARCH_PATHS = "$(inherited) @executable_path/Frameworks";
				PRODUCT_NAME = "$(TARGET_NAME)";
				TARGETED_DEVICE_FAMILY = 1;
			};
			name = Debug;
		};
		6D67D2A11A409C7600F49CDE /* Release */ = {
			isa = XCBuildConfiguration;
			buildSettings = {
				ASSETCATALOG_COMPILER_APPICON_NAME = AppIcon;
				CODE_SIGN_IDENTITY = "iPhone Developer";
				INFOPLIST_FILE = "Task Heroes/Info.plist";
				IPHONEOS_DEPLOYMENT_TARGET = 8.3;
				LD_RUNPATH_SEARCH_PATHS = "$(inherited) @executable_path/Frameworks";
				PRODUCT_NAME = "$(TARGET_NAME)";
				TARGETED_DEVICE_FAMILY = 1;
			};
			name = Release;
		};
		6D67D2A31A409C7600F49CDE /* Debug */ = {
			isa = XCBuildConfiguration;
			buildSettings = {
				BUNDLE_LOADER = "$(TEST_HOST)";
				FRAMEWORK_SEARCH_PATHS = (
					"$(SDKROOT)/Developer/Library/Frameworks",
					"$(inherited)",
				);
				GCC_PREPROCESSOR_DEFINITIONS = (
					"DEBUG=1",
					"$(inherited)",
				);
				INFOPLIST_FILE = "Task HeroesTests/Info.plist";
				LD_RUNPATH_SEARCH_PATHS = "$(inherited) @executable_path/Frameworks @loader_path/Frameworks";
				PRODUCT_NAME = "$(TARGET_NAME)";
				TEST_HOST = "$(BUILT_PRODUCTS_DIR)/Task Heroes.app/Task Heroes";
			};
			name = Debug;
		};
		6D67D2A41A409C7600F49CDE /* Release */ = {
			isa = XCBuildConfiguration;
			buildSettings = {
				BUNDLE_LOADER = "$(TEST_HOST)";
				FRAMEWORK_SEARCH_PATHS = (
					"$(SDKROOT)/Developer/Library/Frameworks",
					"$(inherited)",
				);
				INFOPLIST_FILE = "Task HeroesTests/Info.plist";
				LD_RUNPATH_SEARCH_PATHS = "$(inherited) @executable_path/Frameworks @loader_path/Frameworks";
				PRODUCT_NAME = "$(TARGET_NAME)";
				TEST_HOST = "$(BUILT_PRODUCTS_DIR)/Task Heroes.app/Task Heroes";
			};
			name = Release;
		};
/* End XCBuildConfiguration section */

/* Begin XCConfigurationList section */
		6D67D2741A409C7500F49CDE /* Build configuration list for PBXProject "Task Heroes" */ = {
			isa = XCConfigurationList;
			buildConfigurations = (
				6D67D29D1A409C7600F49CDE /* Debug */,
				6D67D29E1A409C7600F49CDE /* Release */,
			);
			defaultConfigurationIsVisible = 0;
			defaultConfigurationName = Release;
		};
		6D67D29F1A409C7600F49CDE /* Build configuration list for PBXNativeTarget "Task Heroes" */ = {
			isa = XCConfigurationList;
			buildConfigurations = (
				6D67D2A01A409C7600F49CDE /* Debug */,
				6D67D2A11A409C7600F49CDE /* Release */,
			);
			defaultConfigurationIsVisible = 0;
			defaultConfigurationName = Release;
		};
		6D67D2A21A409C7600F49CDE /* Build configuration list for PBXNativeTarget "Task HeroesTests" */ = {
			isa = XCConfigurationList;
			buildConfigurations = (
				6D67D2A31A409C7600F49CDE /* Debug */,
				6D67D2A41A409C7600F49CDE /* Release */,
			);
			defaultConfigurationIsVisible = 0;
			defaultConfigurationName = Release;
		};
/* End XCConfigurationList section */

/* Begin XCVersionGroup section */
		6D67D2831A409C7500F49CDE /* Task_Heroes.xcdatamodeld */ = {
			isa = XCVersionGroup;
			children = (
				6D67D2841A409C7500F49CDE /* Task_Heroes.xcdatamodel */,
			);
			currentVersion = 6D67D2841A409C7500F49CDE /* Task_Heroes.xcdatamodel */;
			path = Task_Heroes.xcdatamodeld;
			sourceTree = "<group>";
			versionGroupType = wrapper.xcdatamodel;
		};
/* End XCVersionGroup section */
	};
	rootObject = 6D67D2711A409C7500F49CDE /* Project object */;
}
